
Microsoft Visual Studio Solution File, Format Version 12.00
# Visual Studio Version 16
VisualStudioVersion = 16.0.30907.101
MinimumVisualStudioVersion = 10.0.40219.1
Project("{FAE04EC0-301F-11D3-BF4B-00C04F79EFBC}") = "BankExample", "BankExample.csproj", "{B3D63C57-DAB4-4303-90A5-6121519DECB3}"
EndProject
Global
	GlobalSection(SolutionConfigurationPlatforms) = preSolution
		Debug|Any CPU = Debug|Any CPU
		Release|Any CPU = Release|Any CPU
	EndGlobalSection
	GlobalSection(ProjectConfigurationPlatforms) = postSolution
		{B3D63C57-DAB4-4303-90A5-6121519DECB3}.Debug|Any CPU.ActiveCfg = Debug|Any CPU
		{B3D63C57-DAB4-4303-90A5-6121519DECB3}.Debug|Any CPU.Build.0 = Debug|Any CPU
		{B3D63C57-DAB4-4303-90A5-6121519DECB3}.Release|Any CPU.ActiveCfg = Release|Any CPU
		{B3D63C57-DAB4-4303-90A5-6121519DECB3}.Release|Any CPU.Build.0 = Release|Any CPU
	EndGlobalSection
	GlobalSection(SolutionProperties) = preSolution
		HideSolutionNode = FALSE
	EndGlobalSection
	GlobalSection(ExtensibilityGlobals) = postSolution
		SolutionGuid = {6497526A-4B32-4237-8D6E-38C9EAF1CA57}
	EndGlobalSection
EndGlobal
